
Microsoft Visual Studio Solution File, Format Version 12.00
# Visual Studio 15
VisualStudioVersion = 15.0.28307.168
MinimumVisualStudioVersion = 10.0.40219.1
Project("{8BC9CEB8-8B4A-11D0-8D11-00A0C91BC942}") = "01 常用遍历算法", "01 常用遍历算法\01 常用遍历算法.vcxproj", "{E66B1E2C-91F7-4B8C-9DD4-B32B3898676E}"
EndProject
Global
	GlobalSection(SolutionConfigurationPlatforms) = preSolution
		Debug|x64 = Debug|x64
		Debug|x86 = Debug|x86
		Release|x64 = Release|x64
		Release|x86 = Release|x86
	EndGlobalSection
	GlobalSection(ProjectConfigurationPlatforms) = postSolution
		{E66B1E2C-91F7-4B8C-9DD4-B32B3898676E}.Debug|x64.ActiveCfg = Debug|x64
		{E66B1E2C-91F7-4B8C-9DD4-B32B3898676E}.Debug|x64.Build.0 = Debug|x64
		{E66B1E2C-91F7-4B8C-9DD4-B32B3898676E}.Debug|x86.ActiveCfg = Debug|Win32
		{E66B1E2C-91F7-4B8C-9DD4-B32B3898676E}.Debug|x86.Build.0 = Debug|Win32
		{E66B1E2C-91F7-4B8C-9DD4-B32B3898676E}.Release|x64.ActiveCfg = Release|x64
		{E66B1E2C-91F7-4B8C-9DD4-B32B3898676E}.Release|x64.Build.0 = Release|x64
		{E66B1E2C-91F7-4B8C-9DD4-B32B3898676E}.Release|x86.ActiveCfg = Release|Win32
		{E66B1E2C-91F7-4B8C-9DD4-B32B3898676E}.Release|x86.Build.0 = Release|Win32
	EndGlobalSection
	GlobalSection(SolutionProperties) = preSolution
		HideSolutionNode = FALSE
	EndGlobalSection
	GlobalSection(ExtensibilityGlobals) = postSolution
		SolutionGuid = {B7B7B1DA-3282-4A90-89CF-187091D72C2B}
	EndGlobalSection
EndGlobal
