
Microsoft Visual Studio Solution File, Format Version 12.00
# Visual Studio 15
VisualStudioVersion = 15.0.28307.168
MinimumVisualStudioVersion = 10.0.40219.1
Project("{8BC9CEB8-8B4A-11D0-8D11-00A0C91BC942}") = "01 常用算术生成算法", "01 常用算术生成算法\01 常用算术生成算法.vcxproj", "{E6243F6A-6638-4643-A994-A4669B2ED5E5}"
EndProject
Global
	GlobalSection(SolutionConfigurationPlatforms) = preSolution
		Debug|x64 = Debug|x64
		Debug|x86 = Debug|x86
		Release|x64 = Release|x64
		Release|x86 = Release|x86
	EndGlobalSection
	GlobalSection(ProjectConfigurationPlatforms) = postSolution
		{E6243F6A-6638-4643-A994-A4669B2ED5E5}.Debug|x64.ActiveCfg = Debug|x64
		{E6243F6A-6638-4643-A994-A4669B2ED5E5}.Debug|x64.Build.0 = Debug|x64
		{E6243F6A-6638-4643-A994-A4669B2ED5E5}.Debug|x86.ActiveCfg = Debug|Win32
		{E6243F6A-6638-4643-A994-A4669B2ED5E5}.Debug|x86.Build.0 = Debug|Win32
		{E6243F6A-6638-4643-A994-A4669B2ED5E5}.Release|x64.ActiveCfg = Release|x64
		{E6243F6A-6638-4643-A994-A4669B2ED5E5}.Release|x64.Build.0 = Release|x64
		{E6243F6A-6638-4643-A994-A4669B2ED5E5}.Release|x86.ActiveCfg = Release|Win32
		{E6243F6A-6638-4643-A994-A4669B2ED5E5}.Release|x86.Build.0 = Release|Win32
	EndGlobalSection
	GlobalSection(SolutionProperties) = preSolution
		HideSolutionNode = FALSE
	EndGlobalSection
	GlobalSection(ExtensibilityGlobals) = postSolution
		SolutionGuid = {1187790F-2580-4FB5-A66D-582A5012BF11}
	EndGlobalSection
EndGlobal
